Microsoft Visual Studio Solution File, Format Version 12.00
# Visual Studio Version 17
VisualStudioVersion = 17.0.31903.59
MinimumVisualStudioVersion = 10.0.40219.1
Project("{349C5851-65DF-11DA-9384-00065B846F21}") = "ExclusionEngine.Web", "ExclusionEngine.Web.csproj", "{9D3D52FA-D130-4388-9D17-5EA885F89E07}"
EndProject
Global
	GlobalSection(SolutionConfigurationPlatforms) = preSolution
		Debug|Any CPU = Debug|Any CPU
		Release|Any CPU = Release|Any CPU
	EndGlobalSection
	GlobalSection(ProjectConfigurationPlatforms) = postSolution
		{9D3D52FA-D130-4388-9D17-5EA885F89E07}.Debug|Any CPU.ActiveCfg = Debug|Any CPU
		{9D3D52FA-D130-4388-9D17-5EA885F89E07}.Debug|Any CPU.Build.0 = Debug|Any CPU
		{9D3D52FA-D130-4388-9D17-5EA885F89E07}.Release|Any CPU.ActiveCfg = Release|Any CPU
		{9D3D52FA-D130-4388-9D17-5EA885F89E07}.Release|Any CPU.Build.0 = Release|Any CPU
	EndGlobalSection
EndGlobal
